
Microsoft Visual Studio Solution File, Format Version 12.00
# Visual Studio Version 16
VisualStudioVersion = 16.0.30907.101
MinimumVisualStudioVersion = 10.0.40219.1
Project("{FAE04EC0-301F-11D3-BF4B-00C04F79EFBC}") = "Library", "Library\Library.csproj", "{45CAEFF7-1E7E-4F2D-A537-20E4E2D0E170}"
EndProject
Project("{54435603-DBB4-11D2-8724-00A0C9A8B90C}") = "librarysetup", "librarysetup\librarysetup.vdproj", "{E3FD4195-0AEA-495B-9978-6F715CCFAF48}"
EndProject
Global
	GlobalSection(SolutionConfigurationPlatforms) = preSolution
		Debug|Any CPU = Debug|Any CPU
		Debug|x64 = Debug|x64
		Release|Any CPU = Release|Any CPU
		Release|x64 = Release|x64
	EndGlobalSection
	GlobalSection(ProjectConfigurationPlatforms) = postSolution
		{45CAEFF7-1E7E-4F2D-A537-20E4E2D0E170}.Debug|Any CPU.ActiveCfg = Debug|Any CPU
		{45CAEFF7-1E7E-4F2D-A537-20E4E2D0E170}.Debug|Any CPU.Build.0 = Debug|Any CPU
		{45CAEFF7-1E7E-4F2D-A537-20E4E2D0E170}.Debug|x64.ActiveCfg = Debug|x64
		{45CAEFF7-1E7E-4F2D-A537-20E4E2D0E170}.Debug|x64.Build.0 = Debug|x64
		{45CAEFF7-1E7E-4F2D-A537-20E4E2D0E170}.Release|Any CPU.ActiveCfg = Release|Any CPU
		{45CAEFF7-1E7E-4F2D-A537-20E4E2D0E170}.Release|Any CPU.Build.0 = Release|Any CPU
		{45CAEFF7-1E7E-4F2D-A537-20E4E2D0E170}.Release|x64.ActiveCfg = Release|x64
		{45CAEFF7-1E7E-4F2D-A537-20E4E2D0E170}.Release|x64.Build.0 = Release|x64
		{E3FD4195-0AEA-495B-9978-6F715CCFAF48}.Debug|Any CPU.ActiveCfg = Debug
		{E3FD4195-0AEA-495B-9978-6F715CCFAF48}.Debug|x64.ActiveCfg = Debug
		{E3FD4195-0AEA-495B-9978-6F715CCFAF48}.Release|Any CPU.ActiveCfg = Release
		{E3FD4195-0AEA-495B-9978-6F715CCFAF48}.Release|x64.ActiveCfg = Release
	EndGlobalSection
	GlobalSection(SolutionProperties) = preSolution
		HideSolutionNode = FALSE
	EndGlobalSection
	GlobalSection(ExtensibilityGlobals) = postSolution
		SolutionGuid = {6C7D87BD-8ADD-4E87-BD40-03B3F3A9AE93}
	EndGlobalSection
EndGlobal
