
Microsoft Visual Studio Solution File, Format Version 12.00
# Visual Studio Version 16
VisualStudioVersion = 16.0.30907.101
MinimumVisualStudioVersion = 10.0.40219.1
Project("{FAE04EC0-301F-11D3-BF4B-00C04F79EFBC}") = "Library", "Library\Library.csproj", "{45CAEFF7-1E7E-4F2D-A537-20E4E2D0E170}"
EndProject
Global
	GlobalSection(SolutionConfigurationPlatforms) = preSolution
		Debug|Any CPU = Debug|Any CPU
		Release|Any CPU = Release|Any CPU
	EndGlobalSection
	GlobalSection(ProjectConfigurationPlatforms) = postSolution
		{45CAEFF7-1E7E-4F2D-A537-20E4E2D0E170}.Debug|Any CPU.ActiveCfg = Debug|Any CPU
		{45CAEFF7-1E7E-4F2D-A537-20E4E2D0E170}.Debug|Any CPU.Build.0 = Debug|Any CPU
		{45CAEFF7-1E7E-4F2D-A537-20E4E2D0E170}.Release|Any CPU.ActiveCfg = Release|Any CPU
		{45CAEFF7-1E7E-4F2D-A537-20E4E2D0E170}.Release|Any CPU.Build.0 = Release|Any CPU
	EndGlobalSection
	GlobalSection(SolutionProperties) = preSolution
		HideSolutionNode = FALSE
	EndGlobalSection
	GlobalSection(ExtensibilityGlobals) = postSolution
		SolutionGuid = {6C7D87BD-8ADD-4E87-BD40-03B3F3A9AE93}
	EndGlobalSection
EndGlobal
